version = 1
requires-python = ">=3.13"

[[package]]
name = "cython"
version = "3.1.0"
source = { registry = "https://pypi.org/simple" }
sdist = { url = "https://files.pythonhosted.org/packages/cf/f7/db37a613aec5abcd51c8000a386a701ac32e94659aa03fa69c3e5c19b149/cython-3.1.0.tar.gz", hash = "sha256:1097dd60d43ad0fff614a57524bfd531b35c13a907d13bee2cc2ec152e6bf4a1", size = 3181017 }
wheels = [
    { url = "https://files.pythonhosted.org/packages/2a/8f/47cdebf325a026963fe0e4f1a6e0b02304e1797863186c552e242be78861/cython-3.1.0-cp313-cp313-macosx_10_13_x86_64.whl", hash = "sha256:539828d14fbd95eff135e8dc9e93012f5b018657868f15a69cb475b8784efb9a", size = 2996710 },
    { url = "https://files.pythonhosted.org/packages/f3/5a/6eee7f38a77b7d533f59f3978af90b4a0958ff63a6191f9ae34e94bee982/cython-3.1.0-cp313-cp313-macosx_11_0_arm64.whl", hash = "sha256:fd0003171ad84d4812fdb1eb9a4f678ed027e75fbc2b7bef5db482621b72137a", size = 2829408 },
    { url = "https://files.pythonhosted.org/packages/8f/eb/0870813d86e1cfdeaeecb548192ac6c1fe8d1195b5cf60401aac62b3d139/cython-3.1.0-cp313-cp313-manylinux_2_17_aarch64.manylinux2014_aarch64.whl", hash = "sha256:4551f9ab91019b6b63cf8b16bf1abb519db67627c31162f604e370e596b8c60c", size = 3068893 },
    { url = "https://files.pythonhosted.org/packages/8f/14/3676fcf2936c3a01538c01069f649440d3948d77ac117934896ed20f724b/cython-3.1.0-cp313-cp313-manylinux_2_17_x86_64.manylinux2014_x86_64.whl", hash = "sha256:c088ac33f4fa04b3589c4e5cfb8a81e9d9a990405409f9c8bfab0f5a9e8b724f", size = 3185626 },
    { url = "https://files.pythonhosted.org/packages/e6/5d/ac817171129ebea07dde321301a3d54740765c8600133b9b3a790d5e932a/cython-3.1.0-cp313-cp313-manylinux_2_5_i686.manylinux1_i686.manylinux_2_17_i686.manylinux2014_i686.whl", hash = "sha256:8926651830ada313a04284e711c2cf11e4e800ca080e83012418208edd4334a2", size = 3209389 },
    { url = "https://files.pythonhosted.org/packages/42/54/47779d9dd2ff253b81fa2eb77a064a8290c0a74b42cf155a5527eb5bc3fc/cython-3.1.0-cp313-cp313-musllinux_1_2_aarch64.whl", hash = "sha256:e03b3280c7ff99fae7b47327a4e2de7e117b069ce9183dc53774069c3e73d1c8", size = 3110786 },
    { url = "https://files.pythonhosted.org/packages/be/0c/52bc291109dbedc1e054ead71d8f1f4ade060f69e0d69e0675e0e13a2238/cython-3.1.0-cp313-cp313-musllinux_1_2_i686.whl", hash = "sha256:0605d364a2cc632c9269990777c2b266611724d1fccaa614fde335c2209b82da", size = 3308647 },
    { url = "https://files.pythonhosted.org/packages/9f/f9/f862904d1e7949b94f103d2dd97e82f56a94afecfd3d475fe4ca7a6ca063/cython-3.1.0-cp313-cp313-musllinux_1_2_x86_64.whl", hash = "sha256:856950b7c4282a713bcf4794aaae8f18d4a1ae177d3b63739604c91019ac4117", size = 3265784 },
    { url = "https://files.pythonhosted.org/packages/b8/c4/10baec2a2e214cd0b74debfe6cca0adda7753dd1a3f41b2a3943227c0db4/cython-3.1.0-cp313-cp313-win32.whl", hash = "sha256:d6854c89d6c1ff472861376822a9df7a0c62b2be362147d313cf7f10bf230c69", size = 2464743 },
    { url = "https://files.pythonhosted.org/packages/a2/bf/322e89d5fbf692fb1581ec2cb95f8286b45dbfe738af6459ca085e40c071/cython-3.1.0-cp313-cp313-win_amd64.whl", hash = "sha256:9d6c88e8c86f2c582a2f9b460174ef86d9e01c8bfb12b8f7c44d697242285551", size = 2672862 },
    { url = "https://files.pythonhosted.org/packages/9f/cc/221af506254978b119a2f6769b81b16bcfe09e0fb3fc5ab66e53e536d933/cython-3.1.0-py3-none-any.whl", hash = "sha256:4e460bdf1d8742ddf4914959842f2f23ca4934df97f864be799ddf1912acd0ab", size = 1227398 },
]

[[package]]
name = "mega"
version = "0.1.0"
source = { virtual = "." }
dependencies = [
    { name = "cython" },
    { name = "setuptools" },
]

[package.metadata]
requires-dist = [
    { name = "cython", specifier = ">=3.1.0" },
    { name = "setuptools", specifier = ">=80.7.1" },
]

[[package]]
name = "setuptools"
version = "80.7.1"
source = { registry = "https://pypi.org/simple" }
sdist = { url = "https://files.pythonhosted.org/packages/9e/8b/dc1773e8e5d07fd27c1632c45c1de856ac3dbf09c0147f782ca6d990cf15/setuptools-80.7.1.tar.gz", hash = "sha256:f6ffc5f0142b1bd8d0ca94ee91b30c0ca862ffd50826da1ea85258a06fd94552", size = 1319188 }
wheels = [
    { url = "https://files.pythonhosted.org/packages/a1/18/0e835c3a557dc5faffc8f91092f62fc337c1dab1066715842e7a4b318ec4/setuptools-80.7.1-py3-none-any.whl", hash = "sha256:ca5cc1069b85dc23070a6628e6bcecb3292acac802399c7f8edc0100619f9009", size = 1200776 },
]
